# THIS IS AN AUTOGENERATED FILE. DO NOT EDIT THIS FILE DIRECTLY.
# yarn lockfile v1


bs-fetch@^0.5.0:
  version "0.5.0"
  resolved "https://registry.yarnpkg.com/bs-fetch/-/bs-fetch-0.5.0.tgz#6913b1d1ddfa0b0a4b832357854e9763d61d4b28"
  integrity sha512-cGjwRpyNcIaX+p2ssy/38zs7BM/miKNgmOR3NEhxKFete5mR05JcvjuV4raG89oGCG281SU1b56TTAKmf9VCug==
